
Microsoft Visual Studio Solution File, Format Version 12.00
# Visual Studio Version 17
VisualStudioVersion = 17.8.34408.163
MinimumVisualStudioVersion = 10.0.40219.1
Project("{FAE04EC0-301F-11D3-BF4B-00C04F79EFBC}") = "TestWebApplication", "server\TestWebApplication.csproj", "{8DBF4E79-B784-4E4C-8CE7-1CED2DA01CFD}"
EndProject
Global
	GlobalSection(SolutionConfigurationPlatforms) = preSolution
		Debug|Any CPU = Debug|Any CPU
		Release|Any CPU = Release|Any CPU
	EndGlobalSection
	GlobalSection(ProjectConfigurationPlatforms) = postSolution
		{8DBF4E79-B784-4E4C-8CE7-1CED2DA01CFD}.Debug|Any CPU.ActiveCfg = Debug|Any CPU
		{8DBF4E79-B784-4E4C-8CE7-1CED2DA01CFD}.Debug|Any CPU.Build.0 = Debug|Any CPU
		{8DBF4E79-B784-4E4C-8CE7-1CED2DA01CFD}.Release|Any CPU.ActiveCfg = Release|Any CPU
		{8DBF4E79-B784-4E4C-8CE7-1CED2DA01CFD}.Release|Any CPU.Build.0 = Release|Any CPU
	EndGlobalSection
	GlobalSection(SolutionProperties) = preSolution
		HideSolutionNode = FALSE
	EndGlobalSection
	GlobalSection(ExtensibilityGlobals) = postSolution
		SolutionGuid = {7E9D7DBA-B8A2-43C9-A328-A736D9AD52C7}
	EndGlobalSection
EndGlobal
